
Microsoft Visual Studio Solution File, Format Version 12.00
# Visual Studio Version 16
VisualStudioVersion = 16.0.30128.74
MinimumVisualStudioVersion = 10.0.40219.1
Project("{9A19103F-16F7-4668-BE54-9A1E7A4F7556}") = "ESP_LCD_Server", "ESP_LCD_Server\ESP_LCD_Server.csproj", "{4A73D2F9-AC88-4ABE-9DF2-05F352934613}"
EndProject
Project("{FAE04EC0-301F-11D3-BF4B-00C04F79EFBC}") = "SuperfastBlur", "SuperfastBlur\SuperfastBlur.csproj", "{956AE992-662A-48C7-B079-890CA3E15A0B}"
EndProject
Project("{9A19103F-16F7-4668-BE54-9A1E7A4F7556}") = "OpenWeatherAPI", "OpenWeatherAPI\OpenWeatherAPI.csproj", "{4B9F452C-5B9F-4E59-9EAB-9DE046DC8384}"
EndProject
Project("{9A19103F-16F7-4668-BE54-9A1E7A4F7556}") = "LCDWidget", "LCDWidget\LCDWidget.csproj", "{FA12ED4B-11AF-41E8-A756-DEAEBE637B8B}"
EndProject
Project("{9A19103F-16F7-4668-BE54-9A1E7A4F7556}") = "ClockWidget", "ClockWidget\ClockWidget.csproj", "{D017B6D9-8F42-4DE6-B102-AB0FFD88BE15}"
EndProject
Project("{9A19103F-16F7-4668-BE54-9A1E7A4F7556}") = "SpotifyWidget", "SpotifyWidget\SpotifyWidget.csproj", "{6C5FF04A-E13B-4A19-9C93-A8CA91645C7F}"
EndProject
Project("{9A19103F-16F7-4668-BE54-9A1E7A4F7556}") = "DiscordWidget", "DiscordWidget\DiscordWidget.csproj", "{A156E5C6-75DB-453A-A786-CC4E19EFB6EB}"
EndProject
Project("{FAE04EC0-301F-11D3-BF4B-00C04F79EFBC}") = "WeatherWidget", "WeatherWidget\WeatherWidget.csproj", "{DD2D3CDD-73E9-46C7-93AF-E420606F618D}"
EndProject
Project("{FAE04EC0-301F-11D3-BF4B-00C04F79EFBC}") = "D20Widget", "D20Widget\D20Widget.csproj", "{EA054439-C331-4154-B197-36E6A8F53943}"
EndProject
Project("{FAE04EC0-301F-11D3-BF4B-00C04F79EFBC}") = "PomodoroWidget", "PomodoroWidget\PomodoroWidget.csproj", "{27D4959A-B8D3-4BB4-A72A-61D3DAF025D5}"
EndProject
Global
	GlobalSection(SolutionConfigurationPlatforms) = preSolution
		Debug|Any CPU = Debug|Any CPU
		Release|Any CPU = Release|Any CPU
	EndGlobalSection
	GlobalSection(ProjectConfigurationPlatforms) = postSolution
		{4A73D2F9-AC88-4ABE-9DF2-05F352934613}.Debug|Any CPU.ActiveCfg = Debug|Any CPU
		{4A73D2F9-AC88-4ABE-9DF2-05F352934613}.Debug|Any CPU.Build.0 = Debug|Any CPU
		{4A73D2F9-AC88-4ABE-9DF2-05F352934613}.Release|Any CPU.ActiveCfg = Release|Any CPU
		{4A73D2F9-AC88-4ABE-9DF2-05F352934613}.Release|Any CPU.Build.0 = Release|Any CPU
		{956AE992-662A-48C7-B079-890CA3E15A0B}.Debug|Any CPU.ActiveCfg = Debug|Any CPU
		{956AE992-662A-48C7-B079-890CA3E15A0B}.Debug|Any CPU.Build.0 = Debug|Any CPU
		{956AE992-662A-48C7-B079-890CA3E15A0B}.Release|Any CPU.ActiveCfg = Release|Any CPU
		{956AE992-662A-48C7-B079-890CA3E15A0B}.Release|Any CPU.Build.0 = Release|Any CPU
		{4B9F452C-5B9F-4E59-9EAB-9DE046DC8384}.Debug|Any CPU.ActiveCfg = Debug|Any CPU
		{4B9F452C-5B9F-4E59-9EAB-9DE046DC8384}.Debug|Any CPU.Build.0 = Debug|Any CPU
		{4B9F452C-5B9F-4E59-9EAB-9DE046DC8384}.Release|Any CPU.ActiveCfg = Release|Any CPU
		{4B9F452C-5B9F-4E59-9EAB-9DE046DC8384}.Release|Any CPU.Build.0 = Release|Any CPU
		{FA12ED4B-11AF-41E8-A756-DEAEBE637B8B}.Debug|Any CPU.ActiveCfg = Debug|Any CPU
		{FA12ED4B-11AF-41E8-A756-DEAEBE637B8B}.Debug|Any CPU.Build.0 = Debug|Any CPU
		{FA12ED4B-11AF-41E8-A756-DEAEBE637B8B}.Release|Any CPU.ActiveCfg = Release|Any CPU
		{FA12ED4B-11AF-41E8-A756-DEAEBE637B8B}.Release|Any CPU.Build.0 = Release|Any CPU
		{D017B6D9-8F42-4DE6-B102-AB0FFD88BE15}.Debug|Any CPU.ActiveCfg = Debug|Any CPU
		{D017B6D9-8F42-4DE6-B102-AB0FFD88BE15}.Debug|Any CPU.Build.0 = Debug|Any CPU
		{D017B6D9-8F42-4DE6-B102-AB0FFD88BE15}.Release|Any CPU.ActiveCfg = Release|Any CPU
		{D017B6D9-8F42-4DE6-B102-AB0FFD88BE15}.Release|Any CPU.Build.0 = Release|Any CPU
		{6C5FF04A-E13B-4A19-9C93-A8CA91645C7F}.Debug|Any CPU.ActiveCfg = Debug|Any CPU
		{6C5FF04A-E13B-4A19-9C93-A8CA91645C7F}.Debug|Any CPU.Build.0 = Debug|Any CPU
		{6C5FF04A-E13B-4A19-9C93-A8CA91645C7F}.Release|Any CPU.ActiveCfg = Release|Any CPU
		{6C5FF04A-E13B-4A19-9C93-A8CA91645C7F}.Release|Any CPU.Build.0 = Release|Any CPU
		{A156E5C6-75DB-453A-A786-CC4E19EFB6EB}.Debug|Any CPU.ActiveCfg = Debug|Any CPU
		{A156E5C6-75DB-453A-A786-CC4E19EFB6EB}.Debug|Any CPU.Build.0 = Debug|Any CPU
		{A156E5C6-75DB-453A-A786-CC4E19EFB6EB}.Release|Any CPU.ActiveCfg = Release|Any CPU
		{A156E5C6-75DB-453A-A786-CC4E19EFB6EB}.Release|Any CPU.Build.0 = Release|Any CPU
		{DD2D3CDD-73E9-46C7-93AF-E420606F618D}.Debug|Any CPU.ActiveCfg = Debug|Any CPU
		{DD2D3CDD-73E9-46C7-93AF-E420606F618D}.Debug|Any CPU.Build.0 = Debug|Any CPU
		{DD2D3CDD-73E9-46C7-93AF-E420606F618D}.Release|Any CPU.ActiveCfg = Release|Any CPU
		{DD2D3CDD-73E9-46C7-93AF-E420606F618D}.Release|Any CPU.Build.0 = Release|Any CPU
		{EA054439-C331-4154-B197-36E6A8F53943}.Debug|Any CPU.ActiveCfg = Debug|Any CPU
		{EA054439-C331-4154-B197-36E6A8F53943}.Debug|Any CPU.Build.0 = Debug|Any CPU
		{EA054439-C331-4154-B197-36E6A8F53943}.Release|Any CPU.ActiveCfg = Release|Any CPU
		{EA054439-C331-4154-B197-36E6A8F53943}.Release|Any CPU.Build.0 = Release|Any CPU
		{27D4959A-B8D3-4BB4-A72A-61D3DAF025D5}.Debug|Any CPU.ActiveCfg = Debug|Any CPU
		{27D4959A-B8D3-4BB4-A72A-61D3DAF025D5}.Debug|Any CPU.Build.0 = Debug|Any CPU
		{27D4959A-B8D3-4BB4-A72A-61D3DAF025D5}.Release|Any CPU.ActiveCfg = Release|Any CPU
		{27D4959A-B8D3-4BB4-A72A-61D3DAF025D5}.Release|Any CPU.Build.0 = Release|Any CPU
	EndGlobalSection
	GlobalSection(SolutionProperties) = preSolution
		HideSolutionNode = FALSE
	EndGlobalSection
	GlobalSection(ExtensibilityGlobals) = postSolution
		SolutionGuid = {63CBAD77-48FB-4E6E-882A-BE80BCBD4845}
	EndGlobalSection
EndGlobal
